
Microsoft Visual Studio Solution File, Format Version 12.00
# Visual Studio Version 17
VisualStudioVersion = 17.7.34024.191
MinimumVisualStudioVersion = 10.0.40219.1
Project("{FAE04EC0-301F-11D3-BF4B-00C04F79EFBC}") = "ApiFuncional", "ApiFuncional\ApiFuncional.csproj", "{74517327-78DF-4776-9D06-3D41D0A7370E}"
EndProject
Global
	GlobalSection(SolutionConfigurationPlatforms) = preSolution
		Debug|Any CPU = Debug|Any CPU
		Release|Any CPU = Release|Any CPU
	EndGlobalSection
	GlobalSection(ProjectConfigurationPlatforms) = postSolution
		{74517327-78DF-4776-9D06-3D41D0A7370E}.Debug|Any CPU.ActiveCfg = Debug|Any CPU
		{74517327-78DF-4776-9D06-3D41D0A7370E}.Debug|Any CPU.Build.0 = Debug|Any CPU
		{74517327-78DF-4776-9D06-3D41D0A7370E}.Release|Any CPU.ActiveCfg = Release|Any CPU
		{74517327-78DF-4776-9D06-3D41D0A7370E}.Release|Any CPU.Build.0 = Release|Any CPU
	EndGlobalSection
	GlobalSection(SolutionProperties) = preSolution
		HideSolutionNode = FALSE
	EndGlobalSection
	GlobalSection(ExtensibilityGlobals) = postSolution
		SolutionGuid = {77F57BB3-BEC1-4900-850B-71F9F939D432}
	EndGlobalSection
EndGlobal
